github.com/matrix-org/gomatrix v0.0.0-20190528120928-7df988a63f26 h1:Hr3zjRsq2bhrnp3Ky1qgx/fzCtCALOoGYylh2tpS9K4=
github.com/matrix-org/gomatrix v0.0.0-20190528120928-7df988a63f26/go.mod h1:3fxX6gUjWyI/2Bt7J1OLhpCzOfO/bB3AiX0cJtEKud0=
github.com/matrix-org/gomatrix v0.0.0-20200827122206-7dd5e2a05bcd h1:xVrqJK3xHREMNjwjljkAUaadalWc0rRbmVuQatzmgwg=
github.com/matrix-org/gomatrix v0.0.0-20200827122206-7dd5e2a05bcd/go.mod h1:/gBX06Kw0exX1HrwmoBibFA98yBk/jxKpGVeyQbff+s=
